PODS:
  - AFNetworking (2.4.1):
    - AFNetworking/NSURLConnection (= 2.4.1)
    - AFNetworking/NSURLSession (= 2.4.1)
    - AFNetworking/Reachability (= 2.4.1)
    - AFNetworking/Security (= 2.4.1)
    - AFNetworking/Serialization (= 2.4.1)
    - AFNetworking/UIKit (= 2.4.1)
  - AFNetworking/NSURLConnection (2.4.1):
    - AFNetworking/Reachability
    - AFNetworking/Security
    - AFNetworking/Serialization
  - AFNetworking/NSURLSession (2.4.1):
    - AFNetworking/Reachability
    - AFNetworking/Security
    - AFNetworking/Serialization
  - AFNetworking/Reachability (2.4.1)
  - AFNetworking/Security (2.4.1)
  - AFNetworking/Serialization (2.4.1)
  - AFNetworking/UIKit (2.4.1):
    - AFNetworking/NSURLConnection
    - AFNetworking/NSURLSession
  - BEMSimpleLineGraph (3.2)
  - CocoaAsyncSocket (7.3.5)
  - CocoaLumberjack (2.0.0):
    - CocoaLumberjack/Default (= 2.0.0)
    - CocoaLumberjack/Extensions (= 2.0.0)
  - CocoaLumberjack/Core (2.0.0)
  - CocoaLumberjack/Default (2.0.0):
    - CocoaLumberjack/Core
  - CocoaLumberjack/Extensions (2.0.0):
    - CocoaLumberjack/Default
  - CRToast (0.0.7)
  - DDProgressView (0.1)
  - EAIntroView (2.6.3)
  - EGOTableViewPullRefresh (0.1.0)
  - FMDB (2.3):
    - FMDB/standard (= 2.3)
  - FMDB/common (2.3)
  - FMDB/standard (2.3):
    - FMDB/common
  - HexColors (2.2.1)
  - LBBlurredImage (0.2.2)
  - MBProgressHUD (0.9)
  - MJPopupViewController (0.4)
  - NCICharts (2.0.1)
  - NSDate+Calendar (0.0.4)
  - PNChart (0.5):
    - UICountingLabel (~> 1.0.0)
  - Reachability (3.1.1)
  - SGNavigationProgress (1.2)
  - Toast (2.3)
  - TWMessageBarManager (1.7.0)
  - UICountingLabel (1.0.0)

DEPENDENCIES:
  - AFNetworking
  - BEMSimpleLineGraph
  - CocoaAsyncSocket
  - CocoaLumberjack
  - CRToast (~> 0.0.7)
  - DDProgressView
  - EAIntroView (~> 2.6.0)
  - EGOTableViewPullRefresh
  - FMDB
  - HexColors
  - LBBlurredImage
  - MBProgressHUD (from `https://github.com/jdg/MBProgressHUD.git`)
  - MJPopupViewController
  - NCICharts
  - NSDate+Calendar
  - PNChart (~> 0.5)
  - Reachability
  - SGNavigationProgress
  - Toast (~> 2.3)
  - TWMessageBarManager (~> 1.7.0)

EXTERNAL SOURCES:
  MBProgressHUD:
    :git: https://github.com/jdg/MBProgressHUD.git

SPEC CHECKSUMS:
  AFNetworking: 41d45d2c14219af0fa5addf3cfd433a002c13c9f
  BEMSimpleLineGraph: 25676aef045e470b04ea0534e18a9c87c32a9cdf
  CocoaAsyncSocket: 94c582a5bef4bb0f51b6ebf3e1b561d9091a68ba
  CocoaLumberjack: a6f77d987d65dc7ba86b0f84db7d0b9084f77bcb
  CRToast: 99a28f4387def43b439ad88f957ce31357ff7373
  DDProgressView: d5a8983e5585217ee58f4a046bb4038f6e1b6306
  EAIntroView: 32297ea4c8907933ab87386c9e17c424452cd625
  EGOTableViewPullRefresh: d4c15be51914f4168d6fd7529b6ad3a4ab01e5f4
  FMDB: 773d79bb74226959b7e2286b1d6e0bd857c88915
  HexColors: abfd172e329dab59888614ccba6f216cec59289d
  LBBlurredImage: 700634c17922bc2d22343118e7deb6a3ca12db43
  MBProgressHUD: 85f9608e8473269aba4f6603958bb8bafcb60388
  MJPopupViewController: e9ad553a3145eb8126ba2748e872ae7fb25cc605
  NCICharts: 14a333dafaa3aec48f678ef76d2f3ffd88c1dd46
  NSDate+Calendar: 8cbf6528073758b12e021a02e9c2427dd72c3832
  PNChart: a37bcc02f66524c2d267c6d7f0ac79ce8d880ec8
  Reachability: dd9aa4fb6667b9f787690a74f53cb7634ce99893
  SGNavigationProgress: f04e3bd0058c53e1172ee020b5239f22aa9e4a0f
  Toast: 4f935860c02d547ae3f514d9fc06c25ab88cf858
  TWMessageBarManager: 8b334f1b160b9686cd6b7a909b199c2e38dc037f
  UICountingLabel: 540feeca6bbb78be892c8ab75b6ad02313cb2b10

COCOAPODS: 0.35.0
